
Microsoft Visual Studio Solution File, Format Version 12.00
Project("{FAE04EC0-301F-11D3-BF4B-00C04F79EFBC}") = "Movies.API", "Movies.API.csproj", "{1B0AECE2-19CE-4059-A102-C820489D42B4}"
EndProject
Project("{FAE04EC0-301F-11D3-BF4B-00C04F79EFBC}") = "Movies.Application", "Movies.Application\Movies.Application.csproj", "{D8F33B97-6B16-4ACE-858C-B11660EB8BC2}"
EndProject
Project("{FAE04EC0-301F-11D3-BF4B-00C04F79EFBC}") = "Movies.Contracts", "Movies.Contracts\Movies.Contracts.csproj", "{C3FB523A-5007-427E-9AF7-81B6D2637784}"
EndProject
Global
	GlobalSection(SolutionConfigurationPlatforms) = preSolution
		Debug|Any CPU = Debug|Any CPU
		Release|Any CPU = Release|Any CPU
	EndGlobalSection
	GlobalSection(ProjectConfigurationPlatforms) = postSolution
		{1B0AECE2-19CE-4059-A102-C820489D42B4}.Debug|Any CPU.ActiveCfg = Debug|Any CPU
		{1B0AECE2-19CE-4059-A102-C820489D42B4}.Debug|Any CPU.Build.0 = Debug|Any CPU
		{1B0AECE2-19CE-4059-A102-C820489D42B4}.Release|Any CPU.ActiveCfg = Release|Any CPU
		{1B0AECE2-19CE-4059-A102-C820489D42B4}.Release|Any CPU.Build.0 = Release|Any CPU
		{D8F33B97-6B16-4ACE-858C-B11660EB8BC2}.Debug|Any CPU.ActiveCfg = Debug|Any CPU
		{D8F33B97-6B16-4ACE-858C-B11660EB8BC2}.Debug|Any CPU.Build.0 = Debug|Any CPU
		{D8F33B97-6B16-4ACE-858C-B11660EB8BC2}.Release|Any CPU.ActiveCfg = Release|Any CPU
		{D8F33B97-6B16-4ACE-858C-B11660EB8BC2}.Release|Any CPU.Build.0 = Release|Any CPU
		{C3FB523A-5007-427E-9AF7-81B6D2637784}.Debug|Any CPU.ActiveCfg = Debug|Any CPU
		{C3FB523A-5007-427E-9AF7-81B6D2637784}.Debug|Any CPU.Build.0 = Debug|Any CPU
		{C3FB523A-5007-427E-9AF7-81B6D2637784}.Release|Any CPU.ActiveCfg = Release|Any CPU
		{C3FB523A-5007-427E-9AF7-81B6D2637784}.Release|Any CPU.Build.0 = Release|Any CPU
	EndGlobalSection
EndGlobal
